// !$*UTF8*$!
{
	archiveVersion = 1;
	classes = {
	};
	objectVersion = 46;
	objects = {

/* Begin PBXBuildFile section */
		A58DCC241DBD6F8700E47214 /* AppDelegate.swift in Sources */ = {isa = PBXBuildFile; fileRef = A58DCC231DBD6F8700E47214 /* AppDelegate.swift */; };
		A58DCC261DBD6F8700E47214 /* ViewController.swift in Sources */ = {isa = PBXBuildFile; fileRef = A58DCC251DBD6F8700E47214 /* ViewController.swift */; };
		A58DCC291DBD6F8700E47214 /* Main.storyboard in Resources */ = {isa = PBXBuildFile; fileRef = A58DCC271DBD6F8700E47214 /* Main.storyboard */; };
		A58DCC2C1DBD6F8700E47214 /* Peticion_al_Servidor.xcdatamodeld in Sources */ = {isa = PBXBuildFile; fileRef = A58DCC2A1DBD6F8700E47214 /* Peticion_al_Servidor.xcdatamodeld */; };
		A58DCC2E1DBD6F8700E47214 /* Assets.xcassets in Resources */ = {isa = PBXBuildFile; fileRef = A58DCC2D1DBD6F8700E47214 /* Assets.xcassets */; };
		A58DCC311DBD6F8700E47214 /* LaunchScreen.storyboard in Resources */ = {isa = PBXBuildFile; fileRef = A58DCC2F1DBD6F8700E47214 /* LaunchScreen.storyboard */; };
/* End PBXBuildFile section */

/* Begin PBXFileReference section */
		A58DCC201DBD6F8700E47214 /* Peticion al Servidor.app */ = {isa = PBXFileReference; explicitFileType = wrapper.application; includeInIndex = 0; path = "Peticion al Servidor.app"; sourceTree = BUILT_PRODUCTS_DIR; };
		A58DCC231DBD6F8700E47214 /* AppDelegate.swift */ = {isa = PBXFileReference; lastKnownFileType = sourcecode.swift; path = AppDelegate.swift; sourceTree = "<group>"; };
		A58DCC251DBD6F8700E47214 /* ViewController.swift */ = {isa = PBXFileReference; lastKnownFileType = sourcecode.swift; path = ViewController.swift; sourceTree = "<group>"; };
		A58DCC281DBD6F8700E47214 /* Base */ = {isa = PBXFileReference; lastKnownFileType = file.storyboard; name = Base; path = Base.lproj/Main.storyboard; sourceTree = "<group>"; };
		A58DCC2B1DBD6F8700E47214 /* Peticion_al_Servidor.xcdatamodel */ = {isa = PBXFileReference; lastKnownFileType = wrapper.xcdatamodel; path = Peticion_al_Servidor.xcdatamodel; sourceTree = "<group>"; };
		A58DCC2D1DBD6F8700E47214 /* Assets.xcassets */ = {isa = PBXFileReference; lastKnownFileType = folder.assetcatalog; path = Assets.xcassets; sourceTree = "<group>"; };
		A58DCC301DBD6F8700E47214 /* Base */ = {isa = PBXFileReference; lastKnownFileType = file.storyboard; name = Base; path = Base.lproj/LaunchScreen.storyboard; sourceTree = "<group>"; };
		A58DCC321DBD6F8700E47214 /* Info.plist */ = {isa = PBXFileReference; lastKnownFileType = text.plist.xml; path = Info.plist; sourceTree = "<group>"; };
/* End PBXFileReference section */

/* Begin PBXFrameworksBuildPhase section */
		A58DCC1D1DBD6F8700E47214 /* Frameworks */ = {
			isa = PBXFrameworksBuildPhase;
			buildActionMask = 2147483647;
			files = (
			);
			runOnlyForDeploymentPostprocessing = 0;
		};
/* End PBXFrameworksBuildPhase section */

/* Begin PBXGroup section */
		A58DCC171DBD6F8700E47214 = {
			isa = PBXGroup;
			children = (
				A58DCC221DBD6F8700E47214 /* Peticion al Servidor */,
				A58DCC211DBD6F8700E47214 /* Products */,
			);
			sourceTree = "<group>";
		};
		A58DCC211DBD6F8700E47214 /* Products */ = {
			isa = PBXGroup;
			children = (
				A58DCC201DBD6F8700E47214 /* Peticion al Servidor.app */,
			);
			name = Products;
			sourceTree = "<group>";
		};
		A58DCC221DBD6F8700E47214 /* Peticion al Servidor */ = {
			isa = PBXGroup;
			children = (
				A58DCC231DBD6F8700E47214 /* AppDelegate.swift */,
				A58DCC251DBD6F8700E47214 /* ViewController.swift */,
				A58DCC271DBD6F8700E47214 /* Main.storyboard */,
				A58DCC2D1DBD6F8700E47214 /* Assets.xcassets */,
				A58DCC2F1DBD6F8700E47214 /* LaunchScreen.storyboard */,
				A58DCC321DBD6F8700E47214 /* Info.plist */,
				A58DCC2A1DBD6F8700E47214 /* Peticion_al_Servidor.xcdatamodeld */,
			);
			path = "Peticion al Servidor";
			sourceTree = "<group>";
		};
/* End PBXGroup section */

/* Begin PBXNativeTarget section */
		A58DCC1F1DBD6F8700E47214 /* Peticion al Servidor */ = {
			isa = PBXNativeTarget;
			buildConfigurationList = A58DCC351DBD6F8700E47214 /* Build configuration list for PBXNativeTarget "Peticion al Servidor" */;
			buildPhases = (
				A58DCC1C1DBD6F8700E47214 /* Sources */,
				A58DCC1D1DBD6F8700E47214 /* Frameworks */,
				A58DCC1E1DBD6F8700E47214 /* Resources */,
			);
			buildRules = (
			);
			dependencies = (
			);
			name = "Peticion al Servidor";
			productName = "Peticion al Servidor";
			productReference = A58DCC201DBD6F8700E47214 /* Peticion al Servidor.app */;
			productType = "com.apple.product-type.application";
		};
/* End PBXNativeTarget section */

/* Begin PBXProject section */
		A58DCC181DBD6F8700E47214 /* Project object */ = {
			isa = PBXProject;
			attributes = {
				LastSwiftUpdateCheck = 0730;
				LastUpgradeCheck = 0730;
				ORGANIZATIONNAME = "Wilmer Mendoza";
				TargetAttributes = {
					A58DCC1F1DBD6F8700E47214 = {
						CreatedOnToolsVersion = 7.3.1;
						DevelopmentTeam = 645UX58X3D;
					};
				};
			};
			buildConfigurationList = A58DCC1B1DBD6F8700E47214 /* Build configuration list for PBXProject "Peticion al Servidor" */;
			compatibilityVersion = "Xcode 3.2";
			developmentRegion = English;
			hasScannedForEncodings = 0;
			knownRegions = (
				en,
				Base,
			);
			mainGroup = A58DCC171DBD6F8700E47214;
			productRefGroup = A58DCC211DBD6F8700E47214 /* Products */;
			projectDirPath = "";
			projectRoot = "";
			targets = (
				A58DCC1F1DBD6F8700E47214 /* Peticion al Servidor */,
			);
		};
/* End PBXProject section */

/* Begin PBXResourcesBuildPhase section */
		A58DCC1E1DBD6F8700E47214 /* Resources */ = {
			isa = PBXResourcesBuildPhase;
			buildActionMask = 2147483647;
			files = (
				A58DCC311DBD6F8700E47214 /* LaunchScreen.storyboard in Resources */,
				A58DCC2E1DBD6F8700E47214 /* Assets.xcassets in Resources */,
				A58DCC291DBD6F8700E47214 /* Main.storyboard in Resources */,
			);
			runOnlyForDeploymentPostprocessing = 0;
		};
/* End PBXResourcesBuildPhase section */

/* Begin PBXSourcesBuildPhase section */
		A58DCC1C1DBD6F8700E47214 /* Sources */ = {
			isa = PBXSourcesBuildPhase;
			buildActionMask = 2147483647;
			files = (
				A58DCC261DBD6F8700E47214 /* ViewController.swift in Sources */,
				A58DCC2C1DBD6F8700E47214 /* Peticion_al_Servidor.xcdatamodeld in Sources */,
				A58DCC241DBD6F8700E47214 /* AppDelegate.swift in Sources */,
			);
			runOnlyForDeploymentPostprocessing = 0;
		};
/* End PBXSourcesBuildPhase section */

/* Begin PBXVariantGroup section */
		A58DCC271DBD6F8700E47214 /* Main.storyboard */ = {
			isa = PBXVariantGroup;
			children = (
				A58DCC281DBD6F8700E47214 /* Base */,
			);
			name = Main.storyboard;
			sourceTree = "<group>";
		};
		A58DCC2F1DBD6F8700E47214 /* LaunchScreen.storyboard */ = {
			isa = PBXVariantGroup;
			children = (
				A58DCC301DBD6F8700E47214 /* Base */,
			);
			name = LaunchScreen.storyboard;
			sourceTree = "<group>";
		};
/* End PBXVariantGroup section */

/* Begin XCBuildConfiguration section */
		A58DCC331DBD6F8700E47214 /* Debug */ = {
			isa = XCBuildConfiguration;
			buildSettings = {
				ALWAYS_SEARCH_USER_PATHS = NO;
				CLANG_ANALYZER_NONNULL = YES;
				CLANG_CXX_LANGUAGE_STANDARD = "gnu++0x";
				CLANG_CXX_LIBRARY = "libc++";
				CLANG_ENABLE_MODULES = YES;
				CLANG_ENABLE_OBJC_ARC = YES;
				CLANG_WARN_BOOL_CONVERSION = YES;
				CLANG_WARN_CONSTANT_CONVERSION = YES;
				CLANG_WARN_DIRECT_OBJC_ISA_USAGE = YES_ERROR;
				CLANG_WARN_EMPTY_BODY = YES;
				CLANG_WARN_ENUM_CONVERSION = YES;
				CLANG_WARN_INT_CONVERSION = YES;
				CLANG_WARN_OBJC_ROOT_CLASS = YES_ERROR;
				CLANG_WARN_UNREACHABLE_CODE = YES;
				CLANG_WARN__DUPLICATE_METHOD_MATCH = YES;
				"CODE_SIGN_IDENTITY[sdk=iphoneos*]" = "iPhone Developer";
				COPY_PHASE_STRIP = NO;
				DEBUG_INFORMATION_FORMAT = dwarf;
				ENABLE_STRICT_OBJC_MSGSEND = YES;
				ENABLE_TESTABILITY = YES;
				GCC_C_LANGUAGE_STANDARD = gnu99;
				GCC_DYNAMIC_NO_PIC = NO;
				GCC_NO_COMMON_BLOCKS = YES;
				GCC_OPTIMIZATION_LEVEL = 0;
				GCC_PREPROCESSOR_DEFINITIONS = (
					"DEBUG=1",
					"$(inherited)",
				);
				GCC_WARN_64_TO_32_BIT_CONVERSION = YES;
				GCC_WARN_ABOUT_RETURN_TYPE = YES_ERROR;
				GCC_WARN_UNDECLARED_SELECTOR = YES;
				GCC_WARN_UNINITIALIZED_AUTOS = YES_AGGRESSIVE;
				GCC_WARN_UNUSED_FUNCTION = YES;
				GCC_WARN_UNUSED_VARIABLE = YES;
				IPHONEOS_DEPLOYMENT_TARGET = 9.3;
				MTL_ENABLE_DEBUG_INFO = YES;
				ONLY_ACTIVE_ARCH = YES;
				SDKROOT = iphoneos;
				SWIFT_OPTIMIZATION_LEVEL = "-Onone";
			};
			name = Debug;
		};
		A58DCC341DBD6F8700E47214 /* Release */ = {
			isa = XCBuildConfiguration;
			buildSettings = {
				ALWAYS_SEARCH_USER_PATHS = NO;
				CLANG_ANALYZER_NONNULL = YES;
				CLANG_CXX_LANGUAGE_STANDARD = "gnu++0x";
				CLANG_CXX_LIBRARY = "libc++";
				CLANG_ENABLE_MODULES = YES;
				CLANG_ENABLE_OBJC_ARC = YES;
				CLANG_WARN_BOOL_CONVERSION = YES;
				CLANG_WARN_CONSTANT_CONVERSION = YES;
				CLANG_WARN_DIRECT_OBJC_ISA_USAGE = YES_ERROR;
				CLANG_WARN_EMPTY_BODY = YES;
				CLANG_WARN_ENUM_CONVERSION = YES;
				CLANG_WARN_INT_CONVERSION = YES;
				CLANG_WARN_OBJC_ROOT_CLASS = YES_ERROR;
				CLANG_WARN_UNREACHABLE_CODE = YES;
				CLANG_WARN__DUPLICATE_METHOD_MATCH = YES;
				"CODE_SIGN_IDENTITY[sdk=iphoneos*]" = "iPhone Developer";
				COPY_PHASE_STRIP = NO;
				DEBUG_INFORMATION_FORMAT = "dwarf-with-dsym";
				ENABLE_NS_ASSERTIONS = NO;
				ENABLE_STRICT_OBJC_MSGSEND = YES;
				GCC_C_LANGUAGE_STANDARD = gnu99;
				GCC_NO_COMMON_BLOCKS = YES;
				GCC_WARN_64_TO_32_BIT_CONVERSION = YES;
				GCC_WARN_ABOUT_RETURN_TYPE = YES_ERROR;
				GCC_WARN_UNDECLARED_SELECTOR = YES;
				GCC_WARN_UNINITIALIZED_AUTOS = YES_AGGRESSIVE;
				GCC_WARN_UNUSED_FUNCTION = YES;
				GCC_WARN_UNUSED_VARIABLE = YES;
				IPHONEOS_DEPLOYMENT_TARGET = 9.3;
				MTL_ENABLE_DEBUG_INFO = NO;
				SDKROOT = iphoneos;
				VALIDATE_PRODUCT = YES;
			};
			name = Release;
		};
		A58DCC361DBD6F8700E47214 /* Debug */ = {
			isa = XCBuildConfiguration;
			buildSettings = {
				ASSETCATALOG_COMPILER_APPICON_NAME = AppIcon;
				INFOPLIST_FILE = "Peticion al Servidor/Info.plist";
				LD_RUNPATH_SEARCH_PATHS = "$(inherited) @executable_path/Frameworks";
				PRODUCT_BUNDLE_IDENTIFIER = "com.wilmer.-.Peticion-al-Servidor";
				PRODUCT_NAME = "$(TARGET_NAME)";
			};
			name = Debug;
		};
		A58DCC371DBD6F8700E47214 /* Release */ = {
			isa = XCBuildConfiguration;
			buildSettings = {
				ASSETCATALOG_COMPILER_APPICON_NAME = AppIcon;
				INFOPLIST_FILE = "Peticion al Servidor/Info.plist";
				LD_RUNPATH_SEARCH_PATHS = "$(inherited) @executable_path/Frameworks";
				PRODUCT_BUNDLE_IDENTIFIER = "com.wilmer.-.Peticion-al-Servidor";
				PRODUCT_NAME = "$(TARGET_NAME)";
			};
			name = Release;
		};
/* End XCBuildConfiguration section */

/* Begin XCConfigurationList section */
		A58DCC1B1DBD6F8700E47214 /* Build configuration list for PBXProject "Peticion al Servidor" */ = {
			isa = XCConfigurationList;
			buildConfigurations = (
				A58DCC331DBD6F8700E47214 /* Debug */,
				A58DCC341DBD6F8700E47214 /* Release */,
			);
			defaultConfigurationIsVisible = 0;
			defaultConfigurationName = Release;
		};
		A58DCC351DBD6F8700E47214 /* Build configuration list for PBXNativeTarget "Peticion al Servidor" */ = {
			isa = XCConfigurationList;
			buildConfigurations = (
				A58DCC361DBD6F8700E47214 /* Debug */,
				A58DCC371DBD6F8700E47214 /* Release */,
			);
			defaultConfigurationIsVisible = 0;
		};
/* End XCConfigurationList section */

/* Begin XCVersionGroup section */
		A58DCC2A1DBD6F8700E47214 /* Peticion_al_Servidor.xcdatamodeld */ = {
			isa = XCVersionGroup;
			children = (
				A58DCC2B1DBD6F8700E47214 /* Peticion_al_Servidor.xcdatamodel */,
			);
			currentVersion = A58DCC2B1DBD6F8700E47214 /* Peticion_al_Servidor.xcdatamodel */;
			path = Peticion_al_Servidor.xcdatamodeld;
			sourceTree = "<group>";
			versionGroupType = wrapper.xcdatamodel;
		};
/* End XCVersionGroup section */
	};
	rootObject = A58DCC181DBD6F8700E47214 /* Project object */;
}
